{
  "version": 4,
  "terraform_version": "1.6.2",
  "serial": 7,
  "lineage": "02c024bb-0a89-e414-1788-50a3d5f49dd6",
  "outputs": {},
  "resources": [
    {
      "mode": "managed",
      "type": "azurerm_linux_virtual_machine",
      "name": "virtual_machine",
      "provider": "provider[\"registry.terraform.io/hashicorp/azurerm\"]",
      "instances": [
        {
          "schema_version": 0,
          "attributes": {
            "additional_capabilities": [],
            "admin_password": null,
            "admin_ssh_key": [
              {
                "public_key": "ssh-rsa AAAAB3NzaC1yc2EAAAADAQABAAACAQCu6jLRbEddkXEhjKaXEFI3kcMDxLos6RbRxPHUZv+u4KRivyYYereaPQt4OZXcUOWa8VET0fcIpn9IajS/qme0s5yqWLxdBYc+KAIfLQrs+he6xhC3ivWLKWH4FGtaCAacYbXUYgTUIXjZAZa6bSpIMDW0jGbHaNtm8VmAbHm6BRrZxdZlJnGEv9/oMYc/VW5E7MdXwVch6eiZjYWvDqnbk4LWdHj6zXWGDnHug6i4KgW9WyjFIx54435XwWApTxTvNI291Jhm6NK0pBc9LYhBpHm10BDR4WQJqKM63YdWo5Mz6+wGRKnsWOPI0hK0jVHwBIOncjNUlFnw3X14IezwW0VFLcifVro6AGViw0Rvl66SUCo7FpdwB4x9WfWqXS4bsJTibyqvCZNqYA/n27kQ2bcgbDkmMBEHYX3fajFUBUfXTbUd2kBd4iIvMTRLX9oaC5iPEKtLe9rPwtDl/v+fijNYoC+V4TRreTDc5ag5HXGgH8HtI9HKlw01oLqDzXMjCU4ysJKz4Y2GUSyAedGdjhiGBHWAV6JN5anTvaXDfOi0Ch18l4GEslsIdbcu3Agb57FFwHQM4xsxKU1c6GkFt3/TeLzE8qvJi5WOtIf3dFUeGxBaroEOImRp3+oIGyEm/pmRkBYkzJ7tv9yhAuaMU6F2PqWXyWygVT+80+1dkw== lokeshwari1012™gmail.com",
                "username": "adminuser"
              }
            ],
            "admin_username": "adminuser",
            "allow_extension_operations": true,
            "availability_set_id": "",
            "boot_diagnostics": [],
            "bypass_platform_safety_checks_on_user_schedule_enabled": false,
            "capacity_reservation_group_id": "",
            "computer_name": "rubyapi-virtual-machine",
            "custom_data": null,
            "dedicated_host_group_id": "",
            "dedicated_host_id": "",
            "disable_password_authentication": true,
            "edge_zone": "",
            "encryption_at_host_enabled": false,
            "eviction_policy": "",
            "extensions_time_budget": "PT1H30M",
            "gallery_application": [],
            "id": "/subscriptions/08949877-3955-4696-bee0-c296b85bebd4/resourceGroups/rubyapivm-resources/providers/Microsoft.Compute/virtualMachines/rubyapi-virtual-machine",
            "identity": [],
            "license_type": "",
            "location": "westeurope",
            "max_bid_price": -1,
            "name": "rubyapi-virtual-machine",
            "network_interface_ids": [
              "/subscriptions/08949877-3955-4696-bee0-c296b85bebd4/resourceGroups/rubyapivm-resources/providers/Microsoft.Network/networkInterfaces/ubuntu-nic"
            ],
            "os_disk": [
              {
                "caching": "ReadWrite",
                "diff_disk_settings": [],
                "disk_encryption_set_id": "",
                "disk_size_gb": 30,
                "name": "rubyapi-virtual-machine_OsDisk_1_dab09d1b30de4a3d83771c4141c21354",
                "secure_vm_disk_encryption_set_id": "",
                "security_encryption_type": "",
                "storage_account_type": "Standard_LRS",
                "write_accelerator_enabled": false
              }
            ],
            "patch_assessment_mode": "ImageDefault",
            "patch_mode": "ImageDefault",
            "plan": [],
            "platform_fault_domain": -1,
            "priority": "Regular",
            "private_ip_address": "10.0.2.4",
            "private_ip_addresses": [
              "10.0.2.4"
            ],
            "provision_vm_agent": true,
            "proximity_placement_group_id": "",
            "public_ip_address": "172.201.38.239",
            "public_ip_addresses": [
              "172.201.38.239"
            ],
            "reboot_setting": "",
            "resource_group_name": "rubyapivm-resources",
            "secret": [],
            "secure_boot_enabled": false,
            "size": "Standard_F2",
            "source_image_id": "",
            "source_image_reference": [
              {
                "offer": "0001-com-ubuntu-server-jammy",
                "publisher": "Canonical",
                "sku": "22_04-lts",
                "version": "latest"
              }
            ],
            "tags": null,
            "termination_notification": null,
            "timeouts": null,
            "user_data": "",
            "virtual_machine_id": "58bc2ae1-f7ec-496e-af62-45119816597c",
            "virtual_machine_scale_set_id": "",
            "vtpm_enabled": false,
            "zone": ""
          },
          "sensitive_attributes": [],
          "private": "eyJlMmJmYjczMC1lY2FhLTExZTYtOGY4OC0zNDM2M2JjN2M0YzAiOnsiY3JlYXRlIjoyNzAwMDAwMDAwMDAwLCJkZWxldGUiOjI3MDAwMDAwMDAwMDAsInJlYWQiOjMwMDAwMDAwMDAwMCwidXBkYXRlIjoyNzAwMDAwMDAwMDAwfX0=",
          "dependencies": [
            "azurerm_network_interface.nic",
            "azurerm_public_ip.public_ip",
            "azurerm_resource_group.resource_group",
            "azurerm_subnet.subnet",
            "azurerm_virtual_network.virtual_network"
          ]
        }
      ]
    },
    {
      "mode": "managed",
      "type": "azurerm_network_interface",
      "name": "nic",
      "provider": "provider[\"registry.terraform.io/hashicorp/azurerm\"]",
      "instances": [
        {
          "schema_version": 0,
          "attributes": {
            "applied_dns_servers": [],
            "auxiliary_mode": "",
            "auxiliary_sku": "",
            "dns_servers": [],
            "edge_zone": "",
            "enable_accelerated_networking": false,
            "enable_ip_forwarding": false,
            "id": "/subscriptions/08949877-3955-4696-bee0-c296b85bebd4/resourceGroups/rubyapivm-resources/providers/Microsoft.Network/networkInterfaces/ubuntu-nic",
            "internal_dns_name_label": "",
            "internal_domain_name_suffix": "v42nfururezebgvlsnbxaispnd.ax.internal.cloudapp.net",
            "ip_configuration": [
              {
                "gateway_load_balancer_frontend_ip_configuration_id": "",
                "name": "internal",
                "primary": true,
                "private_ip_address": "10.0.2.4",
                "private_ip_address_allocation": "Dynamic",
                "private_ip_address_version": "IPv4",
                "public_ip_address_id": "/subscriptions/08949877-3955-4696-bee0-c296b85bebd4/resourceGroups/rubyapivm-resources/providers/Microsoft.Network/publicIPAddresses/rubyapi-vm-public-ip",
                "subnet_id": "/subscriptions/08949877-3955-4696-bee0-c296b85bebd4/resourceGroups/rubyapivm-resources/providers/Microsoft.Network/virtualNetworks/ubuntu-network/subnets/internal"
              }
            ],
            "location": "westeurope",
            "mac_address": "",
            "name": "ubuntu-nic",
            "private_ip_address": "10.0.2.4",
            "private_ip_addresses": [
              "10.0.2.4"
            ],
            "resource_group_name": "rubyapivm-resources",
            "tags": null,
            "timeouts": null,
            "virtual_machine_id": ""
          },
          "sensitive_attributes": [],
          "private": "eyJlMmJmYjczMC1lY2FhLTExZTYtOGY4OC0zNDM2M2JjN2M0YzAiOnsiY3JlYXRlIjoxODAwMDAwMDAwMDAwLCJkZWxldGUiOjE4MDAwMDAwMDAwMDAsInJlYWQiOjMwMDAwMDAwMDAwMCwidXBkYXRlIjoxODAwMDAwMDAwMDAwfX0=",
          "dependencies": [
            "azurerm_public_ip.public_ip",
            "azurerm_resource_group.resource_group",
            "azurerm_subnet.subnet",
            "azurerm_virtual_network.virtual_network"
          ]
        }
      ]
    },
    {
      "mode": "managed",
      "type": "azurerm_public_ip",
      "name": "public_ip",
      "provider": "provider[\"registry.terraform.io/hashicorp/azurerm\"]",
      "instances": [
        {
          "schema_version": 0,
          "attributes": {
            "allocation_method": "Dynamic",
            "ddos_protection_mode": "VirtualNetworkInherited",
            "ddos_protection_plan_id": null,
            "domain_name_label": null,
            "edge_zone": "",
            "fqdn": null,
            "id": "/subscriptions/08949877-3955-4696-bee0-c296b85bebd4/resourceGroups/rubyapivm-resources/providers/Microsoft.Network/publicIPAddresses/rubyapi-vm-public-ip",
            "idle_timeout_in_minutes": 4,
            "ip_address": "",
            "ip_tags": null,
            "ip_version": "IPv4",
            "location": "westeurope",
            "name": "rubyapi-vm-public-ip",
            "public_ip_prefix_id": null,
            "resource_group_name": "rubyapivm-resources",
            "reverse_fqdn": null,
            "sku": "Basic",
            "sku_tier": "Regional",
            "tags": null,
            "timeouts": null,
            "zones": null
          },
          "sensitive_attributes": [],
          "private": "eyJlMmJmYjczMC1lY2FhLTExZTYtOGY4OC0zNDM2M2JjN2M0YzAiOnsiY3JlYXRlIjoxODAwMDAwMDAwMDAwLCJkZWxldGUiOjE4MDAwMDAwMDAwMDAsInJlYWQiOjMwMDAwMDAwMDAwMCwidXBkYXRlIjoxODAwMDAwMDAwMDAwfX0=",
          "dependencies": [
            "azurerm_resource_group.resource_group"
          ]
        }
      ]
    },
    {
      "mode": "managed",
      "type": "azurerm_resource_group",
      "name": "resource_group",
      "provider": "provider[\"registry.terraform.io/hashicorp/azurerm\"]",
      "instances": [
        {
          "schema_version": 0,
          "attributes": {
            "id": "/subscriptions/08949877-3955-4696-bee0-c296b85bebd4/resourceGroups/rubyapivm-resources",
            "location": "westeurope",
            "managed_by": "",
            "name": "rubyapivm-resources",
            "tags": null,
            "timeouts": null
          },
          "sensitive_attributes": [],
          "private": "eyJlMmJmYjczMC1lY2FhLTExZTYtOGY4OC0zNDM2M2JjN2M0YzAiOnsiY3JlYXRlIjo1NDAwMDAwMDAwMDAwLCJkZWxldGUiOjU0MDAwMDAwMDAwMDAsInJlYWQiOjMwMDAwMDAwMDAwMCwidXBkYXRlIjo1NDAwMDAwMDAwMDAwfX0="
        }
      ]
    },
    {
      "mode": "managed",
      "type": "azurerm_subnet",
      "name": "subnet",
      "provider": "provider[\"registry.terraform.io/hashicorp/azurerm\"]",
      "instances": [
        {
          "schema_version": 0,
          "attributes": {
            "address_prefixes": [
              "10.0.2.0/24"
            ],
            "delegation": [],
            "enforce_private_link_endpoint_network_policies": false,
            "enforce_private_link_service_network_policies": false,
            "id": "/subscriptions/08949877-3955-4696-bee0-c296b85bebd4/resourceGroups/rubyapivm-resources/providers/Microsoft.Network/virtualNetworks/ubuntu-network/subnets/internal",
            "name": "internal",
            "private_endpoint_network_policies_enabled": true,
            "private_link_service_network_policies_enabled": true,
            "resource_group_name": "rubyapivm-resources",
            "service_endpoint_policy_ids": null,
            "service_endpoints": null,
            "timeouts": null,
            "virtual_network_name": "ubuntu-network"
          },
          "sensitive_attributes": [],
          "private": "eyJlMmJmYjczMC1lY2FhLTExZTYtOGY4OC0zNDM2M2JjN2M0YzAiOnsiY3JlYXRlIjoxODAwMDAwMDAwMDAwLCJkZWxldGUiOjE4MDAwMDAwMDAwMDAsInJlYWQiOjMwMDAwMDAwMDAwMCwidXBkYXRlIjoxODAwMDAwMDAwMDAwfX0=",
          "dependencies": [
            "azurerm_resource_group.resource_group",
            "azurerm_virtual_network.virtual_network"
          ]
        }
      ]
    },
    {
      "mode": "managed",
      "type": "azurerm_virtual_network",
      "name": "virtual_network",
      "provider": "provider[\"registry.terraform.io/hashicorp/azurerm\"]",
      "instances": [
        {
          "schema_version": 0,
          "attributes": {
            "address_space": [
              "10.0.0.0/16"
            ],
            "bgp_community": "",
            "ddos_protection_plan": [],
            "dns_servers": [],
            "edge_zone": "",
            "encryption": [],
            "flow_timeout_in_minutes": 0,
            "guid": "d2d2b8af-8934-4032-9aab-934370224f6b",
            "id": "/subscriptions/08949877-3955-4696-bee0-c296b85bebd4/resourceGroups/rubyapivm-resources/providers/Microsoft.Network/virtualNetworks/ubuntu-network",
            "location": "westeurope",
            "name": "ubuntu-network",
            "resource_group_name": "rubyapivm-resources",
            "subnet": [],
            "tags": null,
            "timeouts": null
          },
          "sensitive_attributes": [],
          "private": "eyJlMmJmYjczMC1lY2FhLTExZTYtOGY4OC0zNDM2M2JjN2M0YzAiOnsiY3JlYXRlIjoxODAwMDAwMDAwMDAwLCJkZWxldGUiOjE4MDAwMDAwMDAwMDAsInJlYWQiOjMwMDAwMDAwMDAwMCwidXBkYXRlIjoxODAwMDAwMDAwMDAwfX0=",
          "dependencies": [
            "azurerm_resource_group.resource_group"
          ]
        }
      ]
    }
  ],
  "check_results": null
}
